
Microsoft Visual Studio Solution File, Format Version 12.00
# Visual Studio Version 17
VisualStudioVersion = 17.10.35004.147
MinimumVisualStudioVersion = 10.0.40219.1
Project("{FAE04EC0-301F-11D3-BF4B-00C04F79EFBC}") = "CRSBackend", "CRSBackend\CRSBackend.csproj", "{FFF402A9-EC8D-44F7-94BA-1B8A4D18AD91}"
EndProject
Global
	GlobalSection(SolutionConfigurationPlatforms) = preSolution
		Debug|Any CPU = Debug|Any CPU
		Release|Any CPU = Release|Any CPU
	EndGlobalSection
	GlobalSection(ProjectConfigurationPlatforms) = postSolution
		{FFF402A9-EC8D-44F7-94BA-1B8A4D18AD91}.Debug|Any CPU.ActiveCfg = Debug|Any CPU
		{FFF402A9-EC8D-44F7-94BA-1B8A4D18AD91}.Debug|Any CPU.Build.0 = Debug|Any CPU
		{FFF402A9-EC8D-44F7-94BA-1B8A4D18AD91}.Release|Any CPU.ActiveCfg = Release|Any CPU
		{FFF402A9-EC8D-44F7-94BA-1B8A4D18AD91}.Release|Any CPU.Build.0 = Release|Any CPU
	EndGlobalSection
	GlobalSection(SolutionProperties) = preSolution
		HideSolutionNode = FALSE
	EndGlobalSection
	GlobalSection(ExtensibilityGlobals) = postSolution
		SolutionGuid = {9FC100B1-F8A9-4C2C-B56E-A6908CB14F1E}
	EndGlobalSection
EndGlobal
